
Microsoft Visual Studio Solution File, Format Version 12.00
# Visual Studio Version 17
VisualStudioVersion = 17.0.31903.59
MinimumVisualStudioVersion = 10.0.40219.1
Project("{FAE04EC0-301F-11D3-BF4B-00C04F79EFBC}") = "EmailSender", "EmailSender\EmailSender.csproj", "{79DDB5FC-E4AD-415C-920B-48DD42F8CED3}"
EndProject
Project("{FAE04EC0-301F-11D3-BF4B-00C04F79EFBC}") = "EmailSender.SendGrid", "EmailSender.SendGrid\EmailSender.SendGrid.csproj", "{72297F07-3124-483A-BF50-2534E1C68919}"
EndProject
Project("{FAE04EC0-301F-11D3-BF4B-00C04F79EFBC}") = "DemoAPI", "DemoAPI\DemoAPI.csproj", "{1A2FF017-5698-4E02-B5AD-AB9E6BD1080F}"
EndProject
Global
	GlobalSection(SolutionConfigurationPlatforms) = preSolution
		Debug|Any CPU = Debug|Any CPU
		Release|Any CPU = Release|Any CPU
	EndGlobalSection
	GlobalSection(SolutionProperties) = preSolution
		HideSolutionNode = FALSE
	EndGlobalSection
	GlobalSection(ProjectConfigurationPlatforms) = postSolution
		{79DDB5FC-E4AD-415C-920B-48DD42F8CED3}.Debug|Any CPU.ActiveCfg = Debug|Any CPU
		{79DDB5FC-E4AD-415C-920B-48DD42F8CED3}.Debug|Any CPU.Build.0 = Debug|Any CPU
		{79DDB5FC-E4AD-415C-920B-48DD42F8CED3}.Release|Any CPU.ActiveCfg = Release|Any CPU
		{79DDB5FC-E4AD-415C-920B-48DD42F8CED3}.Release|Any CPU.Build.0 = Release|Any CPU
		{72297F07-3124-483A-BF50-2534E1C68919}.Debug|Any CPU.ActiveCfg = Debug|Any CPU
		{72297F07-3124-483A-BF50-2534E1C68919}.Debug|Any CPU.Build.0 = Debug|Any CPU
		{72297F07-3124-483A-BF50-2534E1C68919}.Release|Any CPU.ActiveCfg = Release|Any CPU
		{72297F07-3124-483A-BF50-2534E1C68919}.Release|Any CPU.Build.0 = Release|Any CPU
		{1A2FF017-5698-4E02-B5AD-AB9E6BD1080F}.Debug|Any CPU.ActiveCfg = Debug|Any CPU
		{1A2FF017-5698-4E02-B5AD-AB9E6BD1080F}.Debug|Any CPU.Build.0 = Debug|Any CPU
		{1A2FF017-5698-4E02-B5AD-AB9E6BD1080F}.Release|Any CPU.ActiveCfg = Release|Any CPU
		{1A2FF017-5698-4E02-B5AD-AB9E6BD1080F}.Release|Any CPU.Build.0 = Release|Any CPU
	EndGlobalSection
EndGlobal
